
Microsoft Visual Studio Solution File, Format Version 12.00
# Visual Studio 15
VisualStudioVersion = 15.0.28307.539
MinimumVisualStudioVersion = 10.0.40219.1
Project("{E24C65DC-7377-472B-9ABA-BC803B73C61A}") = "CaptureVideoFrameUsingCanvas", "CaptureVideoFrameUsingCanvas\", "{6A0B7FAB-DAED-4A37-B2EC-FA471E7E2816}"
	ProjectSection(WebsiteProperties) = preProject
		TargetFrameworkMoniker = ".NETFramework,Version%3Dv4.6.1"
		Debug.AspNetCompiler.VirtualPath = "/localhost_55498"
		Debug.AspNetCompiler.PhysicalPath = "CaptureVideoFrameUsingCanvas\"
		Debug.AspNetCompiler.TargetPath = "PrecompiledWeb\localhost_55498\"
		Debug.AspNetCompiler.Updateable = "true"
		Debug.AspNetCompiler.ForceOverwrite = "true"
		Debug.AspNetCompiler.FixedNames = "false"
		Debug.AspNetCompiler.Debug = "True"
		Release.AspNetCompiler.VirtualPath = "/localhost_55498"
		Release.AspNetCompiler.PhysicalPath = "CaptureVideoFrameUsingCanvas\"
		Release.AspNetCompiler.TargetPath = "PrecompiledWeb\localhost_55498\"
		Release.AspNetCompiler.Updateable = "true"
		Release.AspNetCompiler.ForceOverwrite = "true"
		Release.AspNetCompiler.FixedNames = "false"
		Release.AspNetCompiler.Debug = "False"
		VWDPort = "55498"
		SlnRelativePath = "CaptureVideoFrameUsingCanvas\"
		DefaultWebSiteLanguage = "Visual C#"
	EndProjectSection
EndProject
Project("{E24C65DC-7377-472B-9ABA-BC803B73C61A}") = "DragAndDropImagesToCanvas", "DragAndDropImagesToCanvas\", "{135843F0-4AF5-487B-AB8C-8F368E4D2749}"
	ProjectSection(WebsiteProperties) = preProject
		TargetFrameworkMoniker = ".NETFramework,Version%3Dv4.6.1"
		Debug.AspNetCompiler.VirtualPath = "/localhost_56257"
		Debug.AspNetCompiler.PhysicalPath = "DragAndDropImagesToCanvas\"
		Debug.AspNetCompiler.TargetPath = "PrecompiledWeb\localhost_56257\"
		Debug.AspNetCompiler.Updateable = "true"
		Debug.AspNetCompiler.ForceOverwrite = "true"
		Debug.AspNetCompiler.FixedNames = "false"
		Debug.AspNetCompiler.Debug = "True"
		Release.AspNetCompiler.VirtualPath = "/localhost_56257"
		Release.AspNetCompiler.PhysicalPath = "DragAndDropImagesToCanvas\"
		Release.AspNetCompiler.TargetPath = "PrecompiledWeb\localhost_56257\"
		Release.AspNetCompiler.Updateable = "true"
		Release.AspNetCompiler.ForceOverwrite = "true"
		Release.AspNetCompiler.FixedNames = "false"
		Release.AspNetCompiler.Debug = "False"
		VWDPort = "56257"
		SlnRelativePath = "DragAndDropImagesToCanvas\"
		DefaultWebSiteLanguage = "Visual C#"
	EndProjectSection
EndProject
Project("{E24C65DC-7377-472B-9ABA-BC803B73C61A}") = "PlayingAudioOnJavaScriptEvent", "PlayingAudioOnJavaScriptEvent\", "{FC7F19D7-4CBC-4F08-9FE4-5AB3298F1607}"
	ProjectSection(WebsiteProperties) = preProject
		TargetFrameworkMoniker = ".NETFramework,Version%3Dv4.6.1"
		Debug.AspNetCompiler.VirtualPath = "/localhost_56755"
		Debug.AspNetCompiler.PhysicalPath = "PlayingAudioOnJavaScriptEvent\"
		Debug.AspNetCompiler.TargetPath = "PrecompiledWeb\localhost_56755\"
		Debug.AspNetCompiler.Updateable = "true"
		Debug.AspNetCompiler.ForceOverwrite = "true"
		Debug.AspNetCompiler.FixedNames = "false"
		Debug.AspNetCompiler.Debug = "True"
		Release.AspNetCompiler.VirtualPath = "/localhost_56755"
		Release.AspNetCompiler.PhysicalPath = "PlayingAudioOnJavaScriptEvent\"
		Release.AspNetCompiler.TargetPath = "PrecompiledWeb\localhost_56755\"
		Release.AspNetCompiler.Updateable = "true"
		Release.AspNetCompiler.ForceOverwrite = "true"
		Release.AspNetCompiler.FixedNames = "false"
		Release.AspNetCompiler.Debug = "False"
		VWDPort = "56755"
		SlnRelativePath = "PlayingAudioOnJavaScriptEvent\"
		DefaultWebSiteLanguage = "Visual C#"
	EndProjectSection
EndProject
Global
	GlobalSection(SolutionConfigurationPlatforms) = preSolution
		Debug|Any CPU = Debug|Any CPU
	EndGlobalSection
	GlobalSection(ProjectConfigurationPlatforms) = postSolution
		{6A0B7FAB-DAED-4A37-B2EC-FA471E7E2816}.Debug|Any CPU.ActiveCfg = Debug|Any CPU
		{6A0B7FAB-DAED-4A37-B2EC-FA471E7E2816}.Debug|Any CPU.Build.0 = Debug|Any CPU
		{135843F0-4AF5-487B-AB8C-8F368E4D2749}.Debug|Any CPU.ActiveCfg = Debug|Any CPU
		{135843F0-4AF5-487B-AB8C-8F368E4D2749}.Debug|Any CPU.Build.0 = Debug|Any CPU
		{FC7F19D7-4CBC-4F08-9FE4-5AB3298F1607}.Debug|Any CPU.ActiveCfg = Debug|Any CPU
		{FC7F19D7-4CBC-4F08-9FE4-5AB3298F1607}.Debug|Any CPU.Build.0 = Debug|Any CPU
	EndGlobalSection
	GlobalSection(SolutionProperties) = preSolution
		HideSolutionNode = FALSE
	EndGlobalSection
	GlobalSection(ExtensibilityGlobals) = postSolution
		SolutionGuid = {6538068F-CCF7-424E-A77D-4D753C3530A9}
	EndGlobalSection
EndGlobal
